// !$*UTF8*$!
{
	archiveVersion = 1;
	classes = {
	};
	objectVersion = 100;
	objects = {

/* Begin PBXBuildFile section */
		4116B7822F70B0B500CFB90A /* Alamofire in Frameworks */ = {isa = PBXBuildFile; productRef = 4116B7812F70B0B500CFB90A /* Alamofire */; };
		41387BE82F6D7DAC000369B8 /* SDWebImageSwiftUI in Frameworks */ = {isa = PBXBuildFile; productRef = 41387BE72F6D7DAC000369B8 /* SDWebImageSwiftUI */; };
		419E14042F74A1A000C00F68 /* AlertToast in Frameworks */ = {isa = PBXBuildFile; productRef = 419E14032F74A1A000C00F68 /* AlertToast */; };
		41A1454C2F6D98DB00835BA2 /* FirebaseCore in Frameworks */ = {isa = PBXBuildFile; productRef = 41A1454B2F6D98DB00835BA2 /* FirebaseCore */; };
		41A1454E2F6D98DB00835BA2 /* FirebaseStorage in Frameworks */ = {isa = PBXBuildFile; productRef = 41A1454D2F6D98DB00835BA2 /* FirebaseStorage */; };
		41D58B7A2F7557EC000E705A /* IQKeyboardManagerSwift in Frameworks */ = {isa = PBXBuildFile; productRef = 41D58B792F7557EC000E705A /* IQKeyboardManagerSwift */; };
		41E12BD32F80A35500BA9E2A /* swiftgen.yml in Resources */ = {isa = PBXBuildFile; fileRef = 41E12BD22F80A35500BA9E2A /* swiftgen.yml */; };
		41E12D682F80F31400BA9E2A /* Lottie in Frameworks */ = {isa = PBXBuildFile; productRef = 41E12D672F80F31400BA9E2A /* Lottie */; };
/* End PBXBuildFile section */

/* Begin PBXContainerItemProxy section */
		419EAD9F2DAFE82B00C136D3 /* PBXContainerItemProxy */ = {
			isa = PBXContainerItemProxy;
			containerPortal = 419EAD892DAFE82A00C136D3 /* Project object */;
			proxyType = 1;
			remoteGlobalIDString = 419EAD902DAFE82A00C136D3;
			remoteInfo = Store;
		};
		419EADA92DAFE82B00C136D3 /* PBXContainerItemProxy */ = {
			isa = PBXContainerItemProxy;
			containerPortal = 419EAD892DAFE82A00C136D3 /* Project object */;
			proxyType = 1;
			remoteGlobalIDString = 419EAD902DAFE82A00C136D3;
			remoteInfo = Store;
		};
/* End PBXContainerItemProxy section */

/* Begin PBXCopyFilesBuildPhase section */
		41A145892F6D9A5C00835BA2 /* Embed Frameworks */ = {
			isa = PBXCopyFilesBuildPhase;
			dstPath = "";
			dstSubfolder = Frameworks;
			files = (
			);
			name = "Embed Frameworks";
		};
/* End PBXCopyFilesBuildPhase section */

/* Begin PBXFileReference section */
		419EAD912DAFE82A00C136D3 /* LazyReef.app */ = {isa = PBXFileReference; explicitFileType = wrapper.application; includeInIndex = 0; path = LazyReef.app; sourceTree = BUILT_PRODUCTS_DIR; };
		419EAD9E2DAFE82B00C136D3 /* LazyReefTests.xctest */ = {isa = PBXFileReference; explicitFileType = wrapper.cfbundle; includeInIndex = 0; path = LazyReefTests.xctest; sourceTree = BUILT_PRODUCTS_DIR; };
		419EADA82DAFE82B00C136D3 /* LazyReefUITests.xctest */ = {isa = PBXFileReference; explicitFileType = wrapper.cfbundle; includeInIndex = 0; path = LazyReefUITests.xctest; sourceTree = BUILT_PRODUCTS_DIR; };
		41E12BD22F80A35500BA9E2A /* swiftgen.yml */ = {isa = PBXFileReference; lastKnownFileType = text.yaml; path = swiftgen.yml; sourceTree = "<group>"; };
/* End PBXFileReference section */

/* Begin PBXFileSystemSynchronizedBuildFileExceptionSet section */
		4156BAAF2F7553FF00A7B49D /* Exceptions for "LazyReef" folder in "LazyReef" target */ = {
			isa = PBXFileSystemSynchronizedBuildFileExceptionSet;
			membershipExceptions = (
				swiftgen.yml,
			);
			target = 419EAD902DAFE82A00C136D3 /* LazyReef */;
		};
/* End PBXFileSystemSynchronizedBuildFileExceptionSet section */

/* Begin PBXFileSystemSynchronizedRootGroup section */
		419EAD932DAFE82A00C136D3 /* LazyReef */ = {
			isa = PBXFileSystemSynchronizedRootGroup;
			exceptions = (
				4156BAAF2F7553FF00A7B49D /* Exceptions for "LazyReef" folder in "LazyReef" target */,
			);
			path = LazyReef;
			sourceTree = "<group>";
		};
		419EADA12DAFE82B00C136D3 /* LazyReefTest */ = {
			isa = PBXFileSystemSynchronizedRootGroup;
			path = LazyReefTest;
			sourceTree = "<group>";
		};
		419EADAB2DAFE82B00C136D3 /* LazyReefTests */ = {
			isa = PBXFileSystemSynchronizedRootGroup;
			path = LazyReefTests;
			sourceTree = "<group>";
		};
/* End PBXFileSystemSynchronizedRootGroup section */

/* Begin PBXFrameworksBuildPhase section */
		419EAD8E2DAFE82A00C136D3 /* Frameworks */ = {
			isa = PBXFrameworksBuildPhase;
			files = (
				41A1454C2F6D98DB00835BA2 /* FirebaseCore in Frameworks */,
				41E12D682F80F31400BA9E2A /* Lottie in Frameworks */,
				4116B7822F70B0B500CFB90A /* Alamofire in Frameworks */,
				41A1454E2F6D98DB00835BA2 /* FirebaseStorage in Frameworks */,
				419E14042F74A1A000C00F68 /* AlertToast in Frameworks */,
				41387BE82F6D7DAC000369B8 /* SDWebImageSwiftUI in Frameworks */,
				41D58B7A2F7557EC000E705A /* IQKeyboardManagerSwift in Frameworks */,
			);
		};
		419EAD9B2DAFE82B00C136D3 /* Frameworks */ = {
			isa = PBXFrameworksBuildPhase;
			files = (
			);
		};
		419EADA52DAFE82B00C136D3 /* Frameworks */ = {
			isa = PBXFrameworksBuildPhase;
			files = (
			);
		};
/* End PBXFrameworksBuildPhase section */

/* Begin PBXGroup section */
		419EAD882DAFE82A00C136D3 = {
			isa = PBXGroup;
			children = (
				419EAD932DAFE82A00C136D3 /* LazyReef */,
				419EADA12DAFE82B00C136D3 /* LazyReefTest */,
				419EADAB2DAFE82B00C136D3 /* LazyReefTests */,
				419EAD922DAFE82A00C136D3 /* Products */,
				41E12BD22F80A35500BA9E2A /* swiftgen.yml */,
			);
			sourceTree = "<group>";
		};
		419EAD922DAFE82A00C136D3 /* Products */ = {
			isa = PBXGroup;
			children = (
				419EAD912DAFE82A00C136D3 /* LazyReef.app */,
				419EAD9E2DAFE82B00C136D3 /* LazyReefTests.xctest */,
				419EADA82DAFE82B00C136D3 /* LazyReefUITests.xctest */,
			);
			name = Products;
			sourceTree = "<group>";
		};
/* End PBXGroup section */

/* Begin PBXNativeTarget section */
		419EAD902DAFE82A00C136D3 /* LazyReef */ = {
			isa = PBXNativeTarget;
			buildConfigurationList = 419EADB22DAFE82B00C136D3 /* Build configuration list for PBXNativeTarget "LazyReef" */;
			buildPhases = (
				419EAD8D2DAFE82A00C136D3 /* Sources */,
				419EAD8E2DAFE82A00C136D3 /* Frameworks */,
				419EAD8F2DAFE82A00C136D3 /* Resources */,
				41A145892F6D9A5C00835BA2 /* Embed Frameworks */,
			);
			buildRules = (
			);
			fileSystemSynchronizedGroups = (
				419EAD932DAFE82A00C136D3 /* LazyReef */,
			);
			name = LazyReef;
			packageProductDependencies = (
				41387BE72F6D7DAC000369B8 /* SDWebImageSwiftUI */,
				41A1454B2F6D98DB00835BA2 /* FirebaseCore */,
				41A1454D2F6D98DB00835BA2 /* FirebaseStorage */,
				4116B7812F70B0B500CFB90A /* Alamofire */,
				419E14032F74A1A000C00F68 /* AlertToast */,
				41D58B792F7557EC000E705A /* IQKeyboardManagerSwift */,
				41E12D672F80F31400BA9E2A /* Lottie */,
			);
			productName = Store;
			productReference = 419EAD912DAFE82A00C136D3 /* LazyReef.app */;
			productType = "com.apple.product-type.application";
		};
		419EAD9D2DAFE82B00C136D3 /* LazyReefTests */ = {
			isa = PBXNativeTarget;
			buildConfigurationList = 419EADB52DAFE82B00C136D3 /* Build configuration list for PBXNativeTarget "LazyReefTests" */;
			buildPhases = (
				419EAD9A2DAFE82B00C136D3 /* Sources */,
				419EAD9B2DAFE82B00C136D3 /* Frameworks */,
				419EAD9C2DAFE82B00C136D3 /* Resources */,
			);
			buildRules = (
			);
			dependencies = (
				419EADA02DAFE82B00C136D3 /* PBXTargetDependency */,
			);
			fileSystemSynchronizedGroups = (
				419EADA12DAFE82B00C136D3 /* LazyReefTest */,
			);
			name = LazyReefTests;
			productName = StoreTests;
			productReference = 419EAD9E2DAFE82B00C136D3 /* LazyReefTests.xctest */;
			productType = "com.apple.product-type.bundle.unit-test";
		};
		419EADA72DAFE82B00C136D3 /* LazyReefUITests */ = {
			isa = PBXNativeTarget;
			buildConfigurationList = 419EADB82DAFE82B00C136D3 /* Build configuration list for PBXNativeTarget "LazyReefUITests" */;
			buildPhases = (
				419EADA42DAFE82B00C136D3 /* Sources */,
				419EADA52DAFE82B00C136D3 /* Frameworks */,
				419EADA62DAFE82B00C136D3 /* Resources */,
			);
			buildRules = (
			);
			dependencies = (
				419EADAA2DAFE82B00C136D3 /* PBXTargetDependency */,
			);
			fileSystemSynchronizedGroups = (
				419EADAB2DAFE82B00C136D3 /* LazyReefTests */,
			);
			name = LazyReefUITests;
			productName = StoreUITests;
			productReference = 419EADA82DAFE82B00C136D3 /* LazyReefUITests.xctest */;
			productType = "com.apple.product-type.bundle.ui-testing";
		};
/* End PBXNativeTarget section */

/* Begin PBXProject section */
		419EAD892DAFE82A00C136D3 /* Project object */ = {
			isa = PBXProject;
			attributes = {
				BuildIndependentTargetsInParallel = 1;
				LastSwiftUpdateCheck = 1630;
				LastUpgradeCheck = 2630;
				TargetAttributes = {
					419EAD902DAFE82A00C136D3 = {
						CreatedOnToolsVersion = 16.3;
					};
					419EAD9D2DAFE82B00C136D3 = {
						CreatedOnToolsVersion = 16.3;
						TestTargetID = 419EAD902DAFE82A00C136D3;
					};
					419EADA72DAFE82B00C136D3 = {
						CreatedOnToolsVersion = 16.3;
						TestTargetID = 419EAD902DAFE82A00C136D3;
					};
				};
			};
			buildConfigurationList = 419EAD8C2DAFE82A00C136D3 /* Build configuration list for PBXProject "LazyReef" */;
			developmentRegion = vi;
			hasScannedForEncodings = 0;
			knownRegions = (
				en,
				Base,
				vi,
			);
			mainGroup = 419EAD882DAFE82A00C136D3;
			minimizedProjectReferenceProxies = 1;
			packageReferences = (
				41387BE62F6D7DAC000369B8 /* XCRemoteSwiftPackageReference "SDWebImageSwiftUI" */,
				41A1454A2F6D98DB00835BA2 /* XCRemoteSwiftPackageReference "firebase-ios-sdk" */,
				4116B7802F70B0B500CFB90A /* XCRemoteSwiftPackageReference "Alamofire" */,
				419E14022F74A1A000C00F68 /* XCRemoteSwiftPackageReference "AlertToast" */,
				41D58B782F7557EC000E705A /* XCRemoteSwiftPackageReference "IQKeyboardManager" */,
				41E12D662F80F31400BA9E2A /* XCRemoteSwiftPackageReference "lottie-ios" */,
			);
			preferredProjectObjectVersion = 100;
			productRefGroup = 419EAD922DAFE82A00C136D3 /* Products */;
			projectDirPath = "";
			projectRoot = "";
			targets = (
				419EAD902DAFE82A00C136D3 /* LazyReef */,
				419EAD9D2DAFE82B00C136D3 /* LazyReefTests */,
				419EADA72DAFE82B00C136D3 /* LazyReefUITests */,
			);
		};
/* End PBXProject section */

/* Begin PBXResourcesBuildPhase section */
		419EAD8F2DAFE82A00C136D3 /* Resources */ = {
			isa = PBXResourcesBuildPhase;
			files = (
				41E12BD32F80A35500BA9E2A /* swiftgen.yml in Resources */,
			);
		};
		419EAD9C2DAFE82B00C136D3 /* Resources */ = {
			isa = PBXResourcesBuildPhase;
			files = (
			);
		};
		419EADA62DAFE82B00C136D3 /* Resources */ = {
			isa = PBXResourcesBuildPhase;
			files = (
			);
		};
/* End PBXResourcesBuildPhase section */

/* Begin PBXSourcesBuildPhase section */
		419EAD8D2DAFE82A00C136D3 /* Sources */ = {
			isa = PBXSourcesBuildPhase;
			files = (
			);
		};
		419EAD9A2DAFE82B00C136D3 /* Sources */ = {
			isa = PBXSourcesBuildPhase;
			files = (
			);
		};
		419EADA42DAFE82B00C136D3 /* Sources */ = {
			isa = PBXSourcesBuildPhase;
			files = (
			);
		};
/* End PBXSourcesBuildPhase section */

/* Begin PBXTargetDependency section */
		419EADA02DAFE82B00C136D3 /* PBXTargetDependency */ = {
			isa = PBXTargetDependency;
			target = 419EAD902DAFE82A00C136D3 /* LazyReef */;
			targetProxy = 419EAD9F2DAFE82B00C136D3 /* PBXContainerItemProxy */;
		};
		419EADAA2DAFE82B00C136D3 /* PBXTargetDependency */ = {
			isa = PBXTargetDependency;
			target = 419EAD902DAFE82A00C136D3 /* LazyReef */;
			targetProxy = 419EADA92DAFE82B00C136D3 /* PBXContainerItemProxy */;
		};
/* End PBXTargetDependency section */

/* Begin XCBuildConfiguration section */
		419EADB02DAFE82B00C136D3 /* Debug configuration for PBXProject "LazyReef" */ = {
			isa = XCBuildConfiguration;
			buildSettings = {
				ALWAYS_SEARCH_USER_PATHS = NO;
				ASSETCATALOG_COMPILER_GENERATE_SWIFT_ASSET_SYMBOL_EXTENSIONS = YES;
				CLANG_ANALYZER_NONNULL = YES;
				CLANG_ANALYZER_NUMBER_OBJECT_CONVERSION = YES_AGGRESSIVE;
				CLANG_CXX_LANGUAGE_STANDARD = "gnu++20";
				CLANG_ENABLE_MODULES = YES;
				CLANG_ENABLE_OBJC_ARC = YES;
				CLANG_ENABLE_OBJC_WEAK = YES;
				CLANG_WARN_BLOCK_CAPTURE_AUTORELEASING = YES;
				CLANG_WARN_BOOL_CONVERSION = YES;
				CLANG_WARN_COMMA = YES;
				CLANG_WARN_CONSTANT_CONVERSION = YES;
				CLANG_WARN_DEPRECATED_OBJC_IMPLEMENTATIONS = YES;
				CLANG_WARN_DIRECT_OBJC_ISA_USAGE = YES_ERROR;
				CLANG_WARN_DOCUMENTATION_COMMENTS = YES;
				CLANG_WARN_EMPTY_BODY = YES;
				CLANG_WARN_ENUM_CONVERSION = YES;
				CLANG_WARN_INFINITE_RECURSION = YES;
				CLANG_WARN_INT_CONVERSION = YES;
				CLANG_WARN_NON_LITERAL_NULL_CONVERSION = YES;
				CLANG_WARN_OBJC_IMPLICIT_RETAIN_SELF = YES;
				CLANG_WARN_OBJC_LITERAL_CONVERSION = YES;
				CLANG_WARN_OBJC_ROOT_CLASS = YES_ERROR;
				CLANG_WARN_QUOTED_INCLUDE_IN_FRAMEWORK_HEADER = YES;
				CLANG_WARN_RANGE_LOOP_ANALYSIS = YES;
				CLANG_WARN_STRICT_PROTOTYPES = YES;
				CLANG_WARN_SUSPICIOUS_MOVE = YES;
				CLANG_WARN_UNGUARDED_AVAILABILITY = YES_AGGRESSIVE;
				CLANG_WARN_UNREACHABLE_CODE = YES;
				CLANG_WARN__DUPLICATE_METHOD_MATCH = YES;
				COPY_PHASE_STRIP = NO;
				DEBUG_INFORMATION_FORMAT = dwarf;
				DEVELOPMENT_TEAM = 28C4Z9L4S6;
				ENABLE_STRICT_OBJC_MSGSEND = YES;
				ENABLE_TESTABILITY = YES;
				ENABLE_USER_SCRIPT_SANDBOXING = YES;
				GCC_C_LANGUAGE_STANDARD = gnu17;
				GCC_DYNAMIC_NO_PIC = NO;
				GCC_NO_COMMON_BLOCKS = YES;
				GCC_OPTIMIZATION_LEVEL = 0;
				GCC_PREPROCESSOR_DEFINITIONS = (
					"DEBUG=1",
					"$(inherited)",
				);
				GCC_WARN_64_TO_32_BIT_CONVERSION = YES;
				GCC_WARN_ABOUT_RETURN_TYPE = YES_ERROR;
				GCC_WARN_UNDECLARED_SELECTOR = YES;
				GCC_WARN_UNINITIALIZED_AUTOS = YES_AGGRESSIVE;
				GCC_WARN_UNUSED_FUNCTION = YES;
				GCC_WARN_UNUSED_VARIABLE = YES;
				INFOPLIST_KEY_NSMicrophoneUsageDescription = "Ứng dụng sử dụng microphone của bạn để ghi nhận các thông số mà bạn nói.";
				IPHONEOS_DEPLOYMENT_TARGET = 18.4;
				LOCALIZATION_PREFERS_STRING_CATALOGS = YES;
				MTL_ENABLE_DEBUG_INFO = INCLUDE_SOURCE;
				MTL_FAST_MATH = YES;
				ONLY_ACTIVE_ARCH = YES;
				SDKROOT = iphoneos;
				STRING_CATALOG_GENERATE_SYMBOLS = YES;
				SWIFT_ACTIVE_COMPILATION_CONDITIONS = "DEBUG $(inherited)";
				SWIFT_OPTIMIZATION_LEVEL = "-Onone";
			};
			name = Debug;
		};
		419EADB12DAFE82B00C136D3 /* Release configuration for PBXProject "LazyReef" */ = {
			isa = XCBuildConfiguration;
			buildSettings = {
				ALWAYS_SEARCH_USER_PATHS = NO;
				ASSETCATALOG_COMPILER_GENERATE_SWIFT_ASSET_SYMBOL_EXTENSIONS = YES;
				CLANG_ANALYZER_NONNULL = YES;
				CLANG_ANALYZER_NUMBER_OBJECT_CONVERSION = YES_AGGRESSIVE;
				CLANG_CXX_LANGUAGE_STANDARD = "gnu++20";
				CLANG_ENABLE_MODULES = YES;
				CLANG_ENABLE_OBJC_ARC = YES;
				CLANG_ENABLE_OBJC_WEAK = YES;
				CLANG_WARN_BLOCK_CAPTURE_AUTORELEASING = YES;
				CLANG_WARN_BOOL_CONVERSION = YES;
				CLANG_WARN_COMMA = YES;
				CLANG_WARN_CONSTANT_CONVERSION = YES;
				CLANG_WARN_DEPRECATED_OBJC_IMPLEMENTATIONS = YES;
				CLANG_WARN_DIRECT_OBJC_ISA_USAGE = YES_ERROR;
				CLANG_WARN_DOCUMENTATION_COMMENTS = YES;
				CLANG_WARN_EMPTY_BODY = YES;
				CLANG_WARN_ENUM_CONVERSION = YES;
				CLANG_WARN_INFINITE_RECURSION = YES;
				CLANG_WARN_INT_CONVERSION = YES;
				CLANG_WARN_NON_LITERAL_NULL_CONVERSION = YES;
				CLANG_WARN_OBJC_IMPLICIT_RETAIN_SELF = YES;
				CLANG_WARN_OBJC_LITERAL_CONVERSION = YES;
				CLANG_WARN_OBJC_ROOT_CLASS = YES_ERROR;
				CLANG_WARN_QUOTED_INCLUDE_IN_FRAMEWORK_HEADER = YES;
				CLANG_WARN_RANGE_LOOP_ANALYSIS = YES;
				CLANG_WARN_STRICT_PROTOTYPES = YES;
				CLANG_WARN_SUSPICIOUS_MOVE = YES;
				CLANG_WARN_UNGUARDED_AVAILABILITY = YES_AGGRESSIVE;
				CLANG_WARN_UNREACHABLE_CODE = YES;
				CLANG_WARN__DUPLICATE_METHOD_MATCH = YES;
				COPY_PHASE_STRIP = NO;
				DEBUG_INFORMATION_FORMAT = "dwarf-with-dsym";
				DEVELOPMENT_TEAM = 28C4Z9L4S6;
				ENABLE_NS_ASSERTIONS = NO;
				ENABLE_STRICT_OBJC_MSGSEND = YES;
				ENABLE_USER_SCRIPT_SANDBOXING = YES;
				GCC_C_LANGUAGE_STANDARD = gnu17;
				GCC_NO_COMMON_BLOCKS = YES;
				GCC_WARN_64_TO_32_BIT_CONVERSION = YES;
				GCC_WARN_ABOUT_RETURN_TYPE = YES_ERROR;
				GCC_WARN_UNDECLARED_SELECTOR = YES;
				GCC_WARN_UNINITIALIZED_AUTOS = YES_AGGRESSIVE;
				GCC_WARN_UNUSED_FUNCTION = YES;
				GCC_WARN_UNUSED_VARIABLE = YES;
				INFOPLIST_KEY_NSMicrophoneUsageDescription = "Ứng dụng sử dụng microphone của bạn để ghi nhận các thông số mà bạn nói.";
				IPHONEOS_DEPLOYMENT_TARGET = 18.4;
				LOCALIZATION_PREFERS_STRING_CATALOGS = YES;
				MTL_ENABLE_DEBUG_INFO = NO;
				MTL_FAST_MATH = YES;
				SDKROOT = iphoneos;
				STRING_CATALOG_GENERATE_SYMBOLS = YES;
				SWIFT_COMPILATION_MODE = wholemodule;
				VALIDATE_PRODUCT = YES;
			};
			name = Release;
		};
		419EADB32DAFE82B00C136D3 /* Debug configuration for PBXNativeTarget "LazyReef" */ = {
			isa = XCBuildConfiguration;
			buildSettings = {
				ASSETCATALOG_COMPILER_APPICON_NAME = AppIcon;
				ASSETCATALOG_COMPILER_GLOBAL_ACCENT_COLOR_NAME = AccentColor;
				ASSETCATALOG_COMPILER_INCLUDE_ALL_APPICON_ASSETS = NO;
				CODE_SIGN_STYLE = Automatic;
				CURRENT_PROJECT_VERSION = 1;
				DEVELOPMENT_TEAM = 28C4Z9L4S6;
				DONT_GENERATE_INFOPLIST_FILE = NO;
				ENABLE_PREVIEWS = YES;
				GENERATE_INFOPLIST_FILE = YES;
				INFOPLIST_FILE = "";
				INFOPLIST_KEY_CFBundleDisplayName = "Lazy Reefer";
				INFOPLIST_KEY_LSApplicationCategoryType = "public.app-category.utilities";
				INFOPLIST_KEY_NSBluetoothAlwaysUsageDescription = "Ứng dụng cần Bluetooth để kết nối tới các thiết bị Smart iOT của bạn.";
				INFOPLIST_KEY_NSBluetoothPeripheralUsageDescription = "Ứng dụng cần truy cập Bluetooth để tìm kiếm và kết nối với các thiết bị thông minh, giúp bạn điều khiển hệ thống smart home một cách nhanh chóng.";
				INFOPLIST_KEY_NSCameraUsageDescription = "Camera access is required to scan device QR codes for quick setup.";
				INFOPLIST_KEY_NSLocalNetworkUsageDescription = "Ứng dụng sẽ tự động kết nối tới các thiết bị Smart iOT của bạn khi bạn tới điạ điểm gần chúng.";
				INFOPLIST_KEY_NSMainNibFile = LaunchScreen.storyboard;
				INFOPLIST_KEY_NSMicrophoneUsageDescription = "Ứng dụng sử dụng microphone của bạn để ghi nhận các thông số mà bạn nói.";
				INFOPLIST_KEY_UIApplicationSceneManifest_Generation = YES;
				INFOPLIST_KEY_UIApplicationSupportsIndirectInputEvents = YES;
				INFOPLIST_KEY_UILaunchStoryboardName = LaunchScreen.storyboard;
				INFOPLIST_KEY_UIStatusBarStyle = UIStatusBarStyleLightContent;
				INFOPLIST_KEY_UISupportedInterfaceOrientations = UIInterfaceOrientationPortrait;
				IPHONEOS_DEPLOYMENT_TARGET = 18.6;
				LD_RUNPATH_SEARCH_PATHS = (
					"$(inherited)",
					"@executable_path/Frameworks",
				);
				MARKETING_VERSION = 1.0;
				PRODUCT_BUNDLE_IDENTIFIER = com.manhnv96it.lazyreef;
				PRODUCT_NAME = "$(TARGET_NAME)";
				SUPPORTED_PLATFORMS = "iphoneos iphonesimulator";
				SUPPORTS_MACCATALYST = NO;
				SUPPORTS_MAC_DESIGNED_FOR_IPHONE_IPAD = NO;
				SUPPORTS_XR_DESIGNED_FOR_IPHONE_IPAD = NO;
				SWIFT_EMIT_LOC_STRINGS = YES;
				SWIFT_VERSION = 5.0;
				TARGETED_DEVICE_FAMILY = "1,2";
			};
			name = Debug;
		};
		419EADB42DAFE82B00C136D3 /* Release configuration for PBXNativeTarget "LazyReef" */ = {
			isa = XCBuildConfiguration;
			buildSettings = {
				ASSETCATALOG_COMPILER_APPICON_NAME = AppIcon;
				ASSETCATALOG_COMPILER_GLOBAL_ACCENT_COLOR_NAME = AccentColor;
				ASSETCATALOG_COMPILER_INCLUDE_ALL_APPICON_ASSETS = NO;
				CODE_SIGN_STYLE = Automatic;
				CURRENT_PROJECT_VERSION = 1;
				DEVELOPMENT_TEAM = 28C4Z9L4S6;
				DONT_GENERATE_INFOPLIST_FILE = NO;
				ENABLE_PREVIEWS = YES;
				GENERATE_INFOPLIST_FILE = YES;
				INFOPLIST_FILE = "";
				INFOPLIST_KEY_CFBundleDisplayName = "Lazy Reefer";
				INFOPLIST_KEY_LSApplicationCategoryType = "public.app-category.utilities";
				INFOPLIST_KEY_NSBluetoothAlwaysUsageDescription = "Ứng dụng cần Bluetooth để kết nối tới các thiết bị Smart iOT của bạn.";
				INFOPLIST_KEY_NSBluetoothPeripheralUsageDescription = "Ứng dụng cần truy cập Bluetooth để tìm kiếm và kết nối với các thiết bị thông minh, giúp bạn điều khiển hệ thống smart home một cách nhanh chóng.";
				INFOPLIST_KEY_NSCameraUsageDescription = "Camera access is required to scan device QR codes for quick setup.";
				INFOPLIST_KEY_NSLocalNetworkUsageDescription = "Ứng dụng sẽ tự động kết nối tới các thiết bị Smart iOT của bạn khi bạn tới điạ điểm gần chúng.";
				INFOPLIST_KEY_NSMainNibFile = LaunchScreen.storyboard;
				INFOPLIST_KEY_NSMicrophoneUsageDescription = "Ứng dụng sử dụng microphone của bạn để ghi nhận các thông số mà bạn nói.";
				INFOPLIST_KEY_UIApplicationSceneManifest_Generation = YES;
				INFOPLIST_KEY_UIApplicationSupportsIndirectInputEvents = YES;
				INFOPLIST_KEY_UILaunchStoryboardName = LaunchScreen.storyboard;
				INFOPLIST_KEY_UIStatusBarStyle = UIStatusBarStyleLightContent;
				INFOPLIST_KEY_UISupportedInterfaceOrientations = UIInterfaceOrientationPortrait;
				IPHONEOS_DEPLOYMENT_TARGET = 18.6;
				LD_RUNPATH_SEARCH_PATHS = (
					"$(inherited)",
					"@executable_path/Frameworks",
				);
				MARKETING_VERSION = 1.0;
				PRODUCT_BUNDLE_IDENTIFIER = com.manhnv96it.lazyreef;
				PRODUCT_NAME = "$(TARGET_NAME)";
				SUPPORTED_PLATFORMS = "iphoneos iphonesimulator";
				SUPPORTS_MACCATALYST = NO;
				SUPPORTS_MAC_DESIGNED_FOR_IPHONE_IPAD = NO;
				SUPPORTS_XR_DESIGNED_FOR_IPHONE_IPAD = NO;
				SWIFT_EMIT_LOC_STRINGS = YES;
				SWIFT_VERSION = 5.0;
				TARGETED_DEVICE_FAMILY = "1,2";
			};
			name = Release;
		};
		419EADB62DAFE82B00C136D3 /* Debug configuration for PBXNativeTarget "LazyReefTests" */ = {
			isa = XCBuildConfiguration;
			buildSettings = {
				BUNDLE_LOADER = "$(TEST_HOST)";
				CODE_SIGN_STYLE = Automatic;
				CURRENT_PROJECT_VERSION = 1;
				DEVELOPMENT_TEAM = 28C4Z9L4S6;
				GENERATE_INFOPLIST_FILE = YES;
				INFOPLIST_KEY_NSMicrophoneUsageDescription = "Ứng dụng sử dụng microphone của bạn để ghi nhận các thông số mà bạn nói.";
				IPHONEOS_DEPLOYMENT_TARGET = 26.0;
				MARKETING_VERSION = 1.0;
				PRODUCT_BUNDLE_IDENTIFIER = com.manhnv96it.StoreTests;
				PRODUCT_NAME = "$(TARGET_NAME)";
				SUPPORTED_PLATFORMS = "iphoneos iphonesimulator";
				SUPPORTS_MACCATALYST = NO;
				SUPPORTS_MAC_DESIGNED_FOR_IPHONE_IPAD = NO;
				SUPPORTS_XR_DESIGNED_FOR_IPHONE_IPAD = NO;
				SWIFT_EMIT_LOC_STRINGS = NO;
				SWIFT_VERSION = 5.0;
				TARGETED_DEVICE_FAMILY = "1,2";
				TEST_HOST = "$(BUILT_PRODUCTS_DIR)/LazyReef.app/$(BUNDLE_EXECUTABLE_FOLDER_PATH)/LazyReef";
			};
			name = Debug;
		};
		419EADB72DAFE82B00C136D3 /* Release configuration for PBXNativeTarget "LazyReefTests" */ = {
			isa = XCBuildConfiguration;
			buildSettings = {
				BUNDLE_LOADER = "$(TEST_HOST)";
				CODE_SIGN_STYLE = Automatic;
				CURRENT_PROJECT_VERSION = 1;
				DEVELOPMENT_TEAM = 28C4Z9L4S6;
				GENERATE_INFOPLIST_FILE = YES;
				INFOPLIST_KEY_NSMicrophoneUsageDescription = "Ứng dụng sử dụng microphone của bạn để ghi nhận các thông số mà bạn nói.";
				IPHONEOS_DEPLOYMENT_TARGET = 26.0;
				MARKETING_VERSION = 1.0;
				PRODUCT_BUNDLE_IDENTIFIER = com.manhnv96it.StoreTests;
				PRODUCT_NAME = "$(TARGET_NAME)";
				SUPPORTED_PLATFORMS = "iphoneos iphonesimulator";
				SUPPORTS_MACCATALYST = NO;
				SUPPORTS_MAC_DESIGNED_FOR_IPHONE_IPAD = NO;
				SUPPORTS_XR_DESIGNED_FOR_IPHONE_IPAD = NO;
				SWIFT_EMIT_LOC_STRINGS = NO;
				SWIFT_VERSION = 5.0;
				TARGETED_DEVICE_FAMILY = "1,2";
				TEST_HOST = "$(BUILT_PRODUCTS_DIR)/LazyReef.app/$(BUNDLE_EXECUTABLE_FOLDER_PATH)/LazyReef";
			};
			name = Release;
		};
		419EADB92DAFE82B00C136D3 /* Debug configuration for PBXNativeTarget "LazyReefUITests" */ = {
			isa = XCBuildConfiguration;
			buildSettings = {
				CODE_SIGN_STYLE = Automatic;
				CURRENT_PROJECT_VERSION = 1;
				DEVELOPMENT_TEAM = 28C4Z9L4S6;
				GENERATE_INFOPLIST_FILE = YES;
				INFOPLIST_KEY_NSMicrophoneUsageDescription = "Ứng dụng sử dụng microphone của bạn để ghi nhận các thông số mà bạn nói.";
				MARKETING_VERSION = 1.0;
				PRODUCT_BUNDLE_IDENTIFIER = com.manhnv96it.StoreUITests;
				PRODUCT_NAME = "$(TARGET_NAME)";
				SUPPORTED_PLATFORMS = "iphoneos iphonesimulator";
				SUPPORTS_MACCATALYST = NO;
				SUPPORTS_MAC_DESIGNED_FOR_IPHONE_IPAD = NO;
				SUPPORTS_XR_DESIGNED_FOR_IPHONE_IPAD = NO;
				SWIFT_EMIT_LOC_STRINGS = NO;
				SWIFT_VERSION = 5.0;
				TARGETED_DEVICE_FAMILY = "1,2";
				TEST_TARGET_NAME = LazyReef;
			};
			name = Debug;
		};
		419EADBA2DAFE82B00C136D3 /* Release configuration for PBXNativeTarget "LazyReefUITests" */ = {
			isa = XCBuildConfiguration;
			buildSettings = {
				CODE_SIGN_STYLE = Automatic;
				CURRENT_PROJECT_VERSION = 1;
				DEVELOPMENT_TEAM = 28C4Z9L4S6;
				GENERATE_INFOPLIST_FILE = YES;
				INFOPLIST_KEY_NSMicrophoneUsageDescription = "Ứng dụng sử dụng microphone của bạn để ghi nhận các thông số mà bạn nói.";
				MARKETING_VERSION = 1.0;
				PRODUCT_BUNDLE_IDENTIFIER = com.manhnv96it.StoreUITests;
				PRODUCT_NAME = "$(TARGET_NAME)";
				SUPPORTED_PLATFORMS = "iphoneos iphonesimulator";
				SUPPORTS_MACCATALYST = NO;
				SUPPORTS_MAC_DESIGNED_FOR_IPHONE_IPAD = NO;
				SUPPORTS_XR_DESIGNED_FOR_IPHONE_IPAD = NO;
				SWIFT_EMIT_LOC_STRINGS = NO;
				SWIFT_VERSION = 5.0;
				TARGETED_DEVICE_FAMILY = "1,2";
				TEST_TARGET_NAME = LazyReef;
			};
			name = Release;
		};
/* End XCBuildConfiguration section */

/* Begin XCConfigurationList section */
		419EAD8C2DAFE82A00C136D3 /* Build configuration list for PBXProject "LazyReef" */ = {
			isa = XCConfigurationList;
			buildConfigurations = (
				419EADB02DAFE82B00C136D3 /* Debug configuration for PBXProject "LazyReef" */,
				419EADB12DAFE82B00C136D3 /* Release configuration for PBXProject "LazyReef" */,
			);
			defaultConfigurationName = Release;
		};
		419EADB22DAFE82B00C136D3 /* Build configuration list for PBXNativeTarget "LazyReef" */ = {
			isa = XCConfigurationList;
			buildConfigurations = (
				419EADB32DAFE82B00C136D3 /* Debug configuration for PBXNativeTarget "LazyReef" */,
				419EADB42DAFE82B00C136D3 /* Release configuration for PBXNativeTarget "LazyReef" */,
			);
			defaultConfigurationName = Release;
		};
		419EADB52DAFE82B00C136D3 /* Build configuration list for PBXNativeTarget "LazyReefTests" */ = {
			isa = XCConfigurationList;
			buildConfigurations = (
				419EADB62DAFE82B00C136D3 /* Debug configuration for PBXNativeTarget "LazyReefTests" */,
				419EADB72DAFE82B00C136D3 /* Release configuration for PBXNativeTarget "LazyReefTests" */,
			);
			defaultConfigurationName = Release;
		};
		419EADB82DAFE82B00C136D3 /* Build configuration list for PBXNativeTarget "LazyReefUITests" */ = {
			isa = XCConfigurationList;
			buildConfigurations = (
				419EADB92DAFE82B00C136D3 /* Debug configuration for PBXNativeTarget "LazyReefUITests" */,
				419EADBA2DAFE82B00C136D3 /* Release configuration for PBXNativeTarget "LazyReefUITests" */,
			);
			defaultConfigurationName = Release;
		};
/* End XCConfigurationList section */

/* Begin XCRemoteSwiftPackageReference section */
		4116B7802F70B0B500CFB90A /* XCRemoteSwiftPackageReference "Alamofire" */ = {
			isa = XCRemoteSwiftPackageReference;
			repositoryURL = "https://github.com/Alamofire/Alamofire.git";
			requirement = {
				kind = upToNextMajorVersion;
				minimumVersion = 5.11.1;
			};
		};
		41387BE62F6D7DAC000369B8 /* XCRemoteSwiftPackageReference "SDWebImageSwiftUI" */ = {
			isa = XCRemoteSwiftPackageReference;
			repositoryURL = "https://github.com/SDWebImage/SDWebImageSwiftUI.git";
			requirement = {
				kind = upToNextMajorVersion;
				minimumVersion = 3.1.4;
			};
		};
		419E14022F74A1A000C00F68 /* XCRemoteSwiftPackageReference "AlertToast" */ = {
			isa = XCRemoteSwiftPackageReference;
			repositoryURL = "https://github.com/elai950/AlertToast.git";
			requirement = {
				kind = upToNextMajorVersion;
				minimumVersion = 1.3.9;
			};
		};
		41A1454A2F6D98DB00835BA2 /* XCRemoteSwiftPackageReference "firebase-ios-sdk" */ = {
			isa = XCRemoteSwiftPackageReference;
			repositoryURL = "https://github.com/firebase/firebase-ios-sdk.git";
			requirement = {
				kind = upToNextMajorVersion;
				minimumVersion = 12.11.0;
			};
		};
		41D58B782F7557EC000E705A /* XCRemoteSwiftPackageReference "IQKeyboardManager" */ = {
			isa = XCRemoteSwiftPackageReference;
			repositoryURL = "https://github.com/hackiftekhar/IQKeyboardManager.git";
			requirement = {
				kind = upToNextMajorVersion;
				minimumVersion = 8.0.2;
			};
		};
		41E12D662F80F31400BA9E2A /* XCRemoteSwiftPackageReference "lottie-ios" */ = {
			isa = XCRemoteSwiftPackageReference;
			repositoryURL = "https://github.com/airbnb/lottie-ios.git";
			requirement = {
				kind = upToNextMajorVersion;
				minimumVersion = 4.6.0;
			};
		};
/* End XCRemoteSwiftPackageReference section */

/* Begin XCSwiftPackageProductDependency section */
		4116B7812F70B0B500CFB90A /* Alamofire */ = {
			isa = XCSwiftPackageProductDependency;
			package = 4116B7802F70B0B500CFB90A /* XCRemoteSwiftPackageReference "Alamofire" */;
			productName = Alamofire;
		};
		41387BE72F6D7DAC000369B8 /* SDWebImageSwiftUI */ = {
			isa = XCSwiftPackageProductDependency;
			package = 41387BE62F6D7DAC000369B8 /* XCRemoteSwiftPackageReference "SDWebImageSwiftUI" */;
			productName = SDWebImageSwiftUI;
		};
		419E14032F74A1A000C00F68 /* AlertToast */ = {
			isa = XCSwiftPackageProductDependency;
			package = 419E14022F74A1A000C00F68 /* XCRemoteSwiftPackageReference "AlertToast" */;
			productName = AlertToast;
		};
		41A1454B2F6D98DB00835BA2 /* FirebaseCore */ = {
			isa = XCSwiftPackageProductDependency;
			package = 41A1454A2F6D98DB00835BA2 /* XCRemoteSwiftPackageReference "firebase-ios-sdk" */;
			productName = FirebaseCore;
		};
		41A1454D2F6D98DB00835BA2 /* FirebaseStorage */ = {
			isa = XCSwiftPackageProductDependency;
			package = 41A1454A2F6D98DB00835BA2 /* XCRemoteSwiftPackageReference "firebase-ios-sdk" */;
			productName = FirebaseStorage;
		};
		41D58B792F7557EC000E705A /* IQKeyboardManagerSwift */ = {
			isa = XCSwiftPackageProductDependency;
			package = 41D58B782F7557EC000E705A /* XCRemoteSwiftPackageReference "IQKeyboardManager" */;
			productName = IQKeyboardManagerSwift;
		};
		41E12D672F80F31400BA9E2A /* Lottie */ = {
			isa = XCSwiftPackageProductDependency;
			package = 41E12D662F80F31400BA9E2A /* XCRemoteSwiftPackageReference "lottie-ios" */;
			productName = Lottie;
		};
/* End XCSwiftPackageProductDependency section */
	};
	rootObject = 419EAD892DAFE82A00C136D3 /* Project object */;
}
